
Microsoft Visual Studio Solution File, Format Version 12.00
# Visual Studio Version 17
VisualStudioVersion = 17.3.32901.215
MinimumVisualStudioVersion = 10.0.40219.1
Project("{FAE04EC0-301F-11D3-BF4B-00C04F79EFBC}") = "OE.Prog2.Jatek", "OE.Prog2.Jatek.csproj", "{AAD74E56-2062-4074-A5E3-2C1291CAA802}"
EndProject
Global
	GlobalSection(SolutionConfigurationPlatforms) = preSolution
		Debug|Any CPU = Debug|Any CPU
		Release|Any CPU = Release|Any CPU
	EndGlobalSection
	GlobalSection(ProjectConfigurationPlatforms) = postSolution
		{AAD74E56-2062-4074-A5E3-2C1291CAA802}.Debug|Any CPU.ActiveCfg = Debug|Any CPU
		{AAD74E56-2062-4074-A5E3-2C1291CAA802}.Debug|Any CPU.Build.0 = Debug|Any CPU
		{AAD74E56-2062-4074-A5E3-2C1291CAA802}.Release|Any CPU.ActiveCfg = Release|Any CPU
		{AAD74E56-2062-4074-A5E3-2C1291CAA802}.Release|Any CPU.Build.0 = Release|Any CPU
	EndGlobalSection
	GlobalSection(SolutionProperties) = preSolution
		HideSolutionNode = FALSE
	EndGlobalSection
	GlobalSection(ExtensibilityGlobals) = postSolution
		SolutionGuid = {8280734B-6DDF-4AFE-84EA-BC92A6553CF3}
	EndGlobalSection
EndGlobal
